
Microsoft Visual Studio Solution File, Format Version 12.00
# Visual Studio Version 17
VisualStudioVersion = 17.11.35303.130
MinimumVisualStudioVersion = 10.0.40219.1
Project("{FAE04EC0-301F-11D3-BF4B-00C04F79EFBC}") = "RightViewPrint", "RightViewPrint.csproj", "{6132358A-6C33-4BD7-8C3B-62F0A642C510}"
EndProject
Global
	GlobalSection(SolutionConfigurationPlatforms) = preSolution
		Debug|Any CPU = Debug|Any CPU
		Release|Any CPU = Release|Any CPU
	EndGlobalSection
	GlobalSection(ProjectConfigurationPlatforms) = postSolution
		{6132358A-6C33-4BD7-8C3B-62F0A642C510}.Debug|Any CPU.ActiveCfg = Debug|Any CPU
		{6132358A-6C33-4BD7-8C3B-62F0A642C510}.Debug|Any CPU.Build.0 = Debug|Any CPU
		{6132358A-6C33-4BD7-8C3B-62F0A642C510}.Release|Any CPU.ActiveCfg = Release|Any CPU
		{6132358A-6C33-4BD7-8C3B-62F0A642C510}.Release|Any CPU.Build.0 = Release|Any CPU
	EndGlobalSection
	GlobalSection(SolutionProperties) = preSolution
		HideSolutionNode = FALSE
	EndGlobalSection
	GlobalSection(ExtensibilityGlobals) = postSolution
		SolutionGuid = {08D14770-1072-4CB4-AD13-9FA0E1F2DFA0}
	EndGlobalSection
EndGlobal
