
Microsoft Visual Studio Solution File, Format Version 12.00
# Visual Studio Version 17
VisualStudioVersion = 17.10.35201.131
MinimumVisualStudioVersion = 10.0.40219.1
Project("{FAE04EC0-301F-11D3-BF4B-00C04F79EFBC}") = "LargestLevelValue", "LargestLevelValue.csproj", "{2BEEA2CB-E9EF-41BD-9067-A84D15384921}"
EndProject
Global
	GlobalSection(SolutionConfigurationPlatforms) = preSolution
		Debug|Any CPU = Debug|Any CPU
		Release|Any CPU = Release|Any CPU
	EndGlobalSection
	GlobalSection(ProjectConfigurationPlatforms) = postSolution
		{2BEEA2CB-E9EF-41BD-9067-A84D15384921}.Debug|Any CPU.ActiveCfg = Debug|Any CPU
		{2BEEA2CB-E9EF-41BD-9067-A84D15384921}.Debug|Any CPU.Build.0 = Debug|Any CPU
		{2BEEA2CB-E9EF-41BD-9067-A84D15384921}.Release|Any CPU.ActiveCfg = Release|Any CPU
		{2BEEA2CB-E9EF-41BD-9067-A84D15384921}.Release|Any CPU.Build.0 = Release|Any CPU
	EndGlobalSection
	GlobalSection(SolutionProperties) = preSolution
		HideSolutionNode = FALSE
	EndGlobalSection
	GlobalSection(ExtensibilityGlobals) = postSolution
		SolutionGuid = {F6D2D531-20FF-4722-A75F-EF3C0F1EDE28}
	EndGlobalSection
EndGlobal
