
Microsoft Visual Studio Solution File, Format Version 12.00
# Visual Studio Version 17
VisualStudioVersion = 17.11.35303.130
MinimumVisualStudioVersion = 10.0.40219.1
Project("{FAE04EC0-301F-11D3-BF4B-00C04F79EFBC}") = "MaxLevelNodes", "MaxLevelNodes.csproj", "{06FF78CA-8D41-4144-82DC-6A618316C5DC}"
EndProject
Global
	GlobalSection(SolutionConfigurationPlatforms) = preSolution
		Debug|Any CPU = Debug|Any CPU
		Release|Any CPU = Release|Any CPU
	EndGlobalSection
	GlobalSection(ProjectConfigurationPlatforms) = postSolution
		{06FF78CA-8D41-4144-82DC-6A618316C5DC}.Debug|Any CPU.ActiveCfg = Debug|Any CPU
		{06FF78CA-8D41-4144-82DC-6A618316C5DC}.Debug|Any CPU.Build.0 = Debug|Any CPU
		{06FF78CA-8D41-4144-82DC-6A618316C5DC}.Release|Any CPU.ActiveCfg = Release|Any CPU
		{06FF78CA-8D41-4144-82DC-6A618316C5DC}.Release|Any CPU.Build.0 = Release|Any CPU
	EndGlobalSection
	GlobalSection(SolutionProperties) = preSolution
		HideSolutionNode = FALSE
	EndGlobalSection
	GlobalSection(ExtensibilityGlobals) = postSolution
		SolutionGuid = {C6AB745A-A5BD-48AD-A57E-46ED6735596E}
	EndGlobalSection
EndGlobal
